<?xml version="1.0" encoding="utf-8"?>
<Project ToolsVersion="4.0" xmlns="http://schemas.microsoft.com/developer/msbuild/2003">
  <ItemGroup>
    <Filter Include="Source Files">
      <UniqueIdentifier>{67828f96-0f65-4882-8f7c-864654ca54e8}</UniqueIdentifier>
      <Extensions>cpp;c;cxx;rc;def;r;odl;idl;hpj;bat;for;f90</Extensions>
    </Filter>
    <Filter Include="Header Files">
      <UniqueIdentifier>{70ddb60a-3f73-4073-b20f-cf5ea6df421d}</UniqueIdentifier>
      <Extensions>h;hpp;hxx;hm;inl;fi;fd</Extensions>
    </Filter>
    <Filter Include="Resource Files">
      <UniqueIdentifier>{b5cc4ab1-3b77-4303-8e08-6a81925187f0}</UniqueIdentifier>
      <Extensions>ico;cur;bmp;dlg;rc2;rct;bin;cnt;rtf;gif;jpg;jpeg;jpe</Extensions>
    </Filter>
    <Filter Include="Source Files\MinHook">
      <UniqueIdentifier>{c8435e10-1825-4c4c-ac22-fbcf53757e0d}</UniqueIdentifier>
    </Filter>
    <Filter Include="Source Files\MinHook\hde">
      <UniqueIdentifier>{715ed01d-4c2c-482f-ba71-673a1b5af35e}</UniqueIdentifier>
    </Filter>
    <Filter Include="Source Files\sdk">
      <UniqueIdentifier>{297e404f-4a23-4389-8127-940142cb39a4}</UniqueIdentifier>
    </Filter>
    <Filter Include="Source Files\bzip2">
      <UniqueIdentifier>{ce5cf801-cc9c-4b1a-a86a-fd555e5b4593}</UniqueIdentifier>
    </Filter>
    <Filter Include="Source Files\fixes">
      <UniqueIdentifier>{63052061-01e7-40ba-9bab-86223faa170f}</UniqueIdentifier>
    </Filter>
    <Filter Include="Header Files\fixes">
      <UniqueIdentifier>{a43fa359-1698-48eb-a3bd-e4a28e41836b}</UniqueIdentifier>
    </Filter>
    <Filter Include="Source Files\engine">
      <UniqueIdentifier>{397cf766-5a5e-43ef-8ba3-abef24d9225d}</UniqueIdentifier>
    </Filter>
  </ItemGroup>
  <ItemGroup>
    <ClCompile Include="conproc.cpp">
      <Filter>Source Files</Filter>
    </ClCompile>
    <ClCompile Include="engine.cpp">
      <Filter>Source Files</Filter>
    </ClCompile>
    <ClCompile Include="sys_ded.cpp">
      <Filter>Source Files</Filter>
    </ClCompile>
    <ClCompile Include="VTHook.cpp">
      <Filter>Source Files</Filter>
    </ClCompile>
    <ClCompile Include="keyboard.cpp">
      <Filter>Source Files</Filter>
    </ClCompile>
    <ClCompile Include="video.cpp">
      <Filter>Source Files</Filter>
    </ClCompile>
    <ClCompile Include="globals.cpp">
      <Filter>Source Files</Filter>
    </ClCompile>
    <ClCompile Include="console.cpp">
      <Filter>Source Files</Filter>
    </ClCompile>
    <ClCompile Include="timer.cpp">
      <Filter>Source Files</Filter>
    </ClCompile>
    <ClCompile Include="pattern_scanner.cpp">
      <Filter>Source Files</Filter>
    </ClCompile>
    <ClCompile Include="MinHook\buffer.c">
      <Filter>Source Files\MinHook</Filter>
    </ClCompile>
    <ClCompile Include="MinHook\hook.c">
      <Filter>Source Files\MinHook</Filter>
    </ClCompile>
    <ClCompile Include="MinHook\trampoline.c">
      <Filter>Source Files\MinHook</Filter>
    </ClCompile>
    <ClCompile Include="MinHook\hde\hde32.c">
      <Filter>Source Files\MinHook\hde</Filter>
    </ClCompile>
    <ClCompile Include="MinHook\hde\hde64.c">
      <Filter>Source Files\MinHook\hde</Filter>
    </ClCompile>
    <ClCompile Include="MetaHook.cpp">
      <Filter>Source Files</Filter>
    </ClCompile>
    <ClCompile Include="NightfireFileSystem.cpp">
      <Filter>Source Files</Filter>
    </ClCompile>
    <ClCompile Include="..\public\platformdll.cpp">
      <Filter>Source Files</Filter>
    </ClCompile>
    <ClCompile Include="bzip2\src\blocksort.c">
      <Filter>Source Files\bzip2</Filter>
    </ClCompile>
    <ClCompile Include="bzip2\src\bzlib.c">
      <Filter>Source Files\bzip2</Filter>
    </ClCompile>
    <ClCompile Include="bzip2\src\compress.c">
      <Filter>Source Files\bzip2</Filter>
    </ClCompile>
    <ClCompile Include="bzip2\src\crctable.c">
      <Filter>Source Files\bzip2</Filter>
    </ClCompile>
    <ClCompile Include="bzip2\src\decompress.c">
      <Filter>Source Files\bzip2</Filter>
    </ClCompile>
    <ClCompile Include="bzip2\src\huffman.c">
      <Filter>Source Files\bzip2</Filter>
    </ClCompile>
    <ClCompile Include="bzip2\src\precompiled.c">
      <Filter>Source Files\bzip2</Filter>
    </ClCompile>
    <ClCompile Include="bzip2\src\randtable.c">
      <Filter>Source Files\bzip2</Filter>
    </ClCompile>
    <ClCompile Include="renderfuncs.cpp">
      <Filter>Source Files</Filter>
    </ClCompile>
    <ClCompile Include="fixes.cpp">
      <Filter>Source Files\fixes</Filter>
    </ClCompile>
    <ClCompile Include="sv_user.cpp">
      <Filter>Source Files\engine</Filter>
    </ClCompile>
    <ClCompile Include="nightfire_hooks.cpp">
      <Filter>Source Files</Filter>
    </ClCompile>
    <ClCompile Include="nightfire_pointers.cpp">
      <Filter>Source Files</Filter>
    </ClCompile>
    <ClCompile Include="PlayerModelCrash.cpp">
      <Filter>Source Files\fixes</Filter>
    </ClCompile>
    <ClCompile Include="AITurnSpeed.cpp">
      <Filter>Source Files\fixes</Filter>
    </ClCompile>
    <ClCompile Include="WaterPrediction.cpp">
      <Filter>Source Files\fixes</Filter>
    </ClCompile>
    <ClCompile Include="netchan.cpp">
      <Filter>Source Files\fixes</Filter>
    </ClCompile>
    <ClCompile Include="Effects.cpp">
      <Filter>Source Files\engine</Filter>
    </ClCompile>
    <ClCompile Include="MiniMem.cpp">
      <Filter>Source Files\fixes</Filter>
    </ClCompile>
    <ClCompile Include="FOV.cpp">
      <Filter>Source Files\fixes</Filter>
    </ClCompile>
    <ClCompile Include="LighterSpark.cpp">
      <Filter>Source Files\fixes</Filter>
    </ClCompile>
    <ClCompile Include="r_studioint.cpp">
      <Filter>Source Files\engine</Filter>
    </ClCompile>
    <ClCompile Include="gamedll\FirePredictedBullets.cpp">
      <Filter>Source Files\fixes</Filter>
    </ClCompile>
    <ClCompile Include="protocol_version.cpp">
      <Filter>Source Files\fixes</Filter>
    </ClCompile>
  </ItemGroup>
  <ItemGroup>
    <ResourceCompile Include="dedicated.rc">
      <Filter>Source Files</Filter>
    </ResourceCompile>
  </ItemGroup>
  <ItemGroup>
    <ClInclude Include="conproc.h">
      <Filter>Header Files</Filter>
    </ClInclude>
    <ClInclude Include="..\common\crc.h">
      <Filter>Header Files</Filter>
    </ClInclude>
    <ClInclude Include="dedicated.h">
      <Filter>Header Files</Filter>
    </ClInclude>
    <ClInclude Include="resource.h">
      <Filter>Header Files</Filter>
    </ClInclude>
    <ClInclude Include="sys_ded.h">
      <Filter>Header Files</Filter>
    </ClInclude>
    <ClInclude Include="igame.h">
      <Filter>Header Files</Filter>
    </ClInclude>
    <ClInclude Include="keydefs.h">
      <Filter>Header Files</Filter>
    </ClInclude>
    <ClInclude Include="VTHook.h">
      <Filter>Header Files</Filter>
    </ClInclude>
    <ClInclude Include="keyboard.h">
      <Filter>Header Files</Filter>
    </ClInclude>
    <ClInclude Include="video.h">
      <Filter>Header Files</Filter>
    </ClInclude>
    <ClInclude Include="globals.h">
      <Filter>Header Files</Filter>
    </ClInclude>
    <ClInclude Include="console.h">
      <Filter>Source Files</Filter>
    </ClInclude>
    <ClInclude Include="timer.h">
      <Filter>Header Files</Filter>
    </ClInclude>
    <ClInclude Include="pattern_scanner.h">
      <Filter>Header Files</Filter>
    </ClInclude>
    <ClInclude Include="MinHook\buffer.h">
      <Filter>Source Files\MinHook</Filter>
    </ClInclude>
    <ClInclude Include="MinHook\MinHook.h">
      <Filter>Source Files\MinHook</Filter>
    </ClInclude>
    <ClInclude Include="MinHook\trampoline.h">
      <Filter>Source Files\MinHook</Filter>
    </ClInclude>
    <ClInclude Include="MinHook\hde\hde32.h">
      <Filter>Source Files\MinHook\hde</Filter>
    </ClInclude>
    <ClInclude Include="MinHook\hde\hde64.h">
      <Filter>Source Files\MinHook\hde</Filter>
    </ClInclude>
    <ClInclude Include="MinHook\hde\pstdint.h">
      <Filter>Source Files\MinHook\hde</Filter>
    </ClInclude>
    <ClInclude Include="MinHook\hde\table32.h">
      <Filter>Source Files\MinHook\hde</Filter>
    </ClInclude>
    <ClInclude Include="MinHook\hde\table64.h">
      <Filter>Source Files\MinHook\hde</Filter>
    </ClInclude>
    <ClInclude Include="MetaHook.h">
      <Filter>Header Files</Filter>
    </ClInclude>
    <ClInclude Include="bzip2\include\bzip2\bzlib.h">
      <Filter>Source Files\bzip2</Filter>
    </ClInclude>
    <ClInclude Include="bzip2\src\bzlib_private.h">
      <Filter>Source Files\bzip2</Filter>
    </ClInclude>
    <ClInclude Include="renderfuncs.h">
      <Filter>Header Files</Filter>
    </ClInclude>
    <ClInclude Include="fixes.h">
      <Filter>Header Files\fixes</Filter>
    </ClInclude>
    <ClInclude Include="nightfire_hooks.h">
      <Filter>Header Files</Filter>
    </ClInclude>
    <ClInclude Include="clientdll_funcs.h">
      <Filter>Header Files</Filter>
    </ClInclude>
  </ItemGroup>
  <ItemGroup>
    <CustomBuild Include="NetGame.ico">
      <Filter>Resource Files</Filter>
    </CustomBuild>
  </ItemGroup>
</Project>